
Microsoft Visual Studio Solution File, Format Version 12.00
# Visual Studio Version 17
VisualStudioVersion = 17.2.32630.192
MinimumVisualStudioVersion = 10.0.40219.1
Project("{FAE04EC0-301F-11D3-BF4B-00C04F79EFBC}") = "pryCasaleSP1", "pryCasaleSP1.csproj", "{797F2919-F40B-46D7-8F62-15713D1CB892}"
EndProject
Global
	GlobalSection(SolutionConfigurationPlatforms) = preSolution
		Debug|Any CPU = Debug|Any CPU
		Release|Any CPU = Release|Any CPU
	EndGlobalSection
	GlobalSection(ProjectConfigurationPlatforms) = postSolution
		{797F2919-F40B-46D7-8F62-15713D1CB892}.Debug|Any CPU.ActiveCfg = Debug|Any CPU
		{797F2919-F40B-46D7-8F62-15713D1CB892}.Debug|Any CPU.Build.0 = Debug|Any CPU
		{797F2919-F40B-46D7-8F62-15713D1CB892}.Release|Any CPU.ActiveCfg = Release|Any CPU
		{797F2919-F40B-46D7-8F62-15713D1CB892}.Release|Any CPU.Build.0 = Release|Any CPU
	EndGlobalSection
	GlobalSection(SolutionProperties) = preSolution
		HideSolutionNode = FALSE
	EndGlobalSection
	GlobalSection(ExtensibilityGlobals) = postSolution
		SolutionGuid = {CEBB7DE4-08C7-4E6B-909B-9C8C0BB1581D}
	EndGlobalSection
EndGlobal
